hash: 493132003d7a895f6676e3540b2e0325dea1b57054dec0fc2e03cb37f00b5a06
updated: 2018-01-10T22:29:13.088678-06:00
imports:
- name: github.com/andybalholm/cascadia
  version: 349dd0209470eabd9514242c688c403c0926d266
- name: github.com/h2non/gock
  version: 26775f23aa9da4cbd47bc2600a57ac07bbf3bd20
- name: github.com/PuerkitoBio/goquery
  version: e1271ee34c6a305e38566ecd27ae374944907ee9
- name: golang.org/x/net
  version: 1c05540f6879653db88113bc4a2b70aec4bd491f
  subpackages:
  - html
  - html/atom
testImports: []
